
Microsoft Visual Studio Solution File, Format Version 12.00
# Visual Studio Version 17
VisualStudioVersion = 17.8.34112.27
MinimumVisualStudioVersion = 10.0.40219.1
Project("{2150E333-8FDC-42A3-9474-1A3956D46DE8}") = "src", "src", "{DA082B34-ABE7-400D-AE6C-1F3C27A63C83}"
EndProject
Project("{2150E333-8FDC-42A3-9474-1A3956D46DE8}") = "Solution Items", "Solution Items", "{A1F7BD86-3822-4F3C-BB06-2783E9983833}"
	ProjectSection(SolutionItems) = preProject
		..\LICENSE.txt = ..\LICENSE.txt
		..\README.md = ..\README.md
	EndProjectSection
EndProject
Project("{9A19103F-16F7-4668-BE54-9A1E7A4F7556}") = "7Zip.App", "7zip\7Zip.App.csproj", "{B3761D1B-D58A-4A93-903E-730DF1489850}"
EndProject
Project("{C7167F0D-BC9F-4E6E-AFE1-012C56B48DB5}") = "7Zip.App.Package", "7Zip.App.Package\7Zip.App.Package.wapproj", "{19092F66-151E-4E45-97B4-9F97158B8E88}"
EndProject
Project("{2150E333-8FDC-42A3-9474-1A3956D46DE8}") = "Platforms", "Platforms", "{8D2B41C6-053C-4DFF-B58C-03065C092C65}"
EndProject
Project("{2150E333-8FDC-42A3-9474-1A3956D46DE8}") = "Core", "Core", "{3F9BAE8E-C1B9-48CF-932F-83161C61C743}"
EndProject
Project("{9A19103F-16F7-4668-BE54-9A1E7A4F7556}") = "7Zip.Core", "7Zip.Core\7Zip.Core.csproj", "{F020A6D0-D174-492C-9619-A070F1046DDE}"
EndProject
Project("{8BC9CEB8-8B4A-11D0-8D11-00A0C91BC942}") = "7Zip.App.ZipShellExt", "ZipShellExt\ZipShellExt.vcxproj", "{FADF2431-15E1-41F2-8A8F-FEB77B79C922}"
EndProject
Project("{2150E333-8FDC-42A3-9474-1A3956D46DE8}") = "Views", "Views", "{70873C52-CE4A-49FF-84A4-EAD18E7715FB}"
EndProject
Project("{9A19103F-16F7-4668-BE54-9A1E7A4F7556}") = "7Zip.App.Controls", "7zip.App.Controls\7Zip.App.Controls.csproj", "{2173EB0F-9ADE-4A39-9455-F7E45EEE00A7}"
EndProject
Project("{2150E333-8FDC-42A3-9474-1A3956D46DE8}") = "Extensions", "Extensions", "{F8711F53-DC47-4EC8-90D0-150421588A15}"
	ProjectSection(SolutionItems) = preProject
		C:\Users\zhh13\.nuget\packages\winuicommunity.contextmenuextensions\5.2.0\contentFiles\any\net7.0-windows10.0.19041\ShellExtensionHost.dll = C:\Users\zhh13\.nuget\packages\winuicommunity.contextmenuextensions\5.2.0\contentFiles\any\net7.0-windows10.0.19041\ShellExtensionHost.dll
	EndProjectSection
EndProject
Project("{FAE04EC0-301F-11D3-BF4B-00C04F79EFBC}") = "7zip.ShellExtension_cs", "7zip.ShellExtension_cs\7zip.ShellExtension_cs.csproj", "{8C7CFE8D-481F-4481-8BC1-DCC41756FF71}"
EndProject
Global
	GlobalSection(SolutionConfigurationPlatforms) = preSolution
		Debug|Any CPU = Debug|Any CPU
		Debug|ARM = Debug|ARM
		Debug|ARM64 = Debug|ARM64
		Debug|x64 = Debug|x64
		Debug|x86 = Debug|x86
		Release|Any CPU = Release|Any CPU
		Release|ARM = Release|ARM
		Release|ARM64 = Release|ARM64
		Release|x64 = Release|x64
		Release|x86 = Release|x86
	EndGlobalSection
	GlobalSection(ProjectConfigurationPlatforms) = postSolution
		{B3761D1B-D58A-4A93-903E-730DF1489850}.Debug|Any CPU.ActiveCfg = Debug|x64
		{B3761D1B-D58A-4A93-903E-730DF1489850}.Debug|Any CPU.Build.0 = Debug|x64
		{B3761D1B-D58A-4A93-903E-730DF1489850}.Debug|Any CPU.Deploy.0 = Debug|x64
		{B3761D1B-D58A-4A93-903E-730DF1489850}.Debug|ARM.ActiveCfg = Debug|x64
		{B3761D1B-D58A-4A93-903E-730DF1489850}.Debug|ARM.Build.0 = Debug|x64
		{B3761D1B-D58A-4A93-903E-730DF1489850}.Debug|ARM.Deploy.0 = Debug|x64
		{B3761D1B-D58A-4A93-903E-730DF1489850}.Debug|ARM64.ActiveCfg = Debug|ARM64
		{B3761D1B-D58A-4A93-903E-730DF1489850}.Debug|ARM64.Build.0 = Debug|ARM64
		{B3761D1B-D58A-4A93-903E-730DF1489850}.Debug|ARM64.Deploy.0 = Debug|ARM64
		{B3761D1B-D58A-4A93-903E-730DF1489850}.Debug|x64.ActiveCfg = Debug|x64
		{B3761D1B-D58A-4A93-903E-730DF1489850}.Debug|x64.Build.0 = Debug|x64
		{B3761D1B-D58A-4A93-903E-730DF1489850}.Debug|x64.Deploy.0 = Debug|x64
		{B3761D1B-D58A-4A93-903E-730DF1489850}.Debug|x86.ActiveCfg = Debug|x86
		{B3761D1B-D58A-4A93-903E-730DF1489850}.Debug|x86.Build.0 = Debug|x86
		{B3761D1B-D58A-4A93-903E-730DF1489850}.Debug|x86.Deploy.0 = Debug|x86
		{B3761D1B-D58A-4A93-903E-730DF1489850}.Release|Any CPU.ActiveCfg = Release|x64
		{B3761D1B-D58A-4A93-903E-730DF1489850}.Release|Any CPU.Build.0 = Release|x64
		{B3761D1B-D58A-4A93-903E-730DF1489850}.Release|Any CPU.Deploy.0 = Release|x64
		{B3761D1B-D58A-4A93-903E-730DF1489850}.Release|ARM.ActiveCfg = Release|x64
		{B3761D1B-D58A-4A93-903E-730DF1489850}.Release|ARM.Build.0 = Release|x64
		{B3761D1B-D58A-4A93-903E-730DF1489850}.Release|ARM.Deploy.0 = Release|x64
		{B3761D1B-D58A-4A93-903E-730DF1489850}.Release|ARM64.ActiveCfg = Release|ARM64
		{B3761D1B-D58A-4A93-903E-730DF1489850}.Release|ARM64.Build.0 = Release|ARM64
		{B3761D1B-D58A-4A93-903E-730DF1489850}.Release|ARM64.Deploy.0 = Release|ARM64
		{B3761D1B-D58A-4A93-903E-730DF1489850}.Release|x64.ActiveCfg = Release|x64
		{B3761D1B-D58A-4A93-903E-730DF1489850}.Release|x64.Build.0 = Release|x64
		{B3761D1B-D58A-4A93-903E-730DF1489850}.Release|x64.Deploy.0 = Release|x64
		{B3761D1B-D58A-4A93-903E-730DF1489850}.Release|x86.ActiveCfg = Release|x86
		{B3761D1B-D58A-4A93-903E-730DF1489850}.Release|x86.Build.0 = Release|x86
		{B3761D1B-D58A-4A93-903E-730DF1489850}.Release|x86.Deploy.0 = Release|x86
		{19092F66-151E-4E45-97B4-9F97158B8E88}.Debug|Any CPU.ActiveCfg = Debug|x64
		{19092F66-151E-4E45-97B4-9F97158B8E88}.Debug|Any CPU.Build.0 = Debug|x64
		{19092F66-151E-4E45-97B4-9F97158B8E88}.Debug|Any CPU.Deploy.0 = Debug|x64
		{19092F66-151E-4E45-97B4-9F97158B8E88}.Debug|ARM.ActiveCfg = Debug|ARM
		{19092F66-151E-4E45-97B4-9F97158B8E88}.Debug|ARM.Build.0 = Debug|ARM
		{19092F66-151E-4E45-97B4-9F97158B8E88}.Debug|ARM.Deploy.0 = Debug|ARM
		{19092F66-151E-4E45-97B4-9F97158B8E88}.Debug|ARM64.ActiveCfg = Debug|ARM64
		{19092F66-151E-4E45-97B4-9F97158B8E88}.Debug|ARM64.Build.0 = Debug|ARM64
		{19092F66-151E-4E45-97B4-9F97158B8E88}.Debug|ARM64.Deploy.0 = Debug|ARM64
		{19092F66-151E-4E45-97B4-9F97158B8E88}.Debug|x64.ActiveCfg = Debug|x64
		{19092F66-151E-4E45-97B4-9F97158B8E88}.Debug|x64.Build.0 = Debug|x64
		{19092F66-151E-4E45-97B4-9F97158B8E88}.Debug|x64.Deploy.0 = Debug|x64
		{19092F66-151E-4E45-97B4-9F97158B8E88}.Debug|x86.ActiveCfg = Debug|x86
		{19092F66-151E-4E45-97B4-9F97158B8E88}.Debug|x86.Build.0 = Debug|x86
		{19092F66-151E-4E45-97B4-9F97158B8E88}.Debug|x86.Deploy.0 = Debug|x86
		{19092F66-151E-4E45-97B4-9F97158B8E88}.Release|Any CPU.ActiveCfg = Release|Any CPU
		{19092F66-151E-4E45-97B4-9F97158B8E88}.Release|Any CPU.Build.0 = Release|Any CPU
		{19092F66-151E-4E45-97B4-9F97158B8E88}.Release|Any CPU.Deploy.0 = Release|Any CPU
		{19092F66-151E-4E45-97B4-9F97158B8E88}.Release|ARM.ActiveCfg = Release|ARM
		{19092F66-151E-4E45-97B4-9F97158B8E88}.Release|ARM.Build.0 = Release|ARM
		{19092F66-151E-4E45-97B4-9F97158B8E88}.Release|ARM.Deploy.0 = Release|ARM
		{19092F66-151E-4E45-97B4-9F97158B8E88}.Release|ARM64.ActiveCfg = Release|ARM64
		{19092F66-151E-4E45-97B4-9F97158B8E88}.Release|ARM64.Build.0 = Release|ARM64
		{19092F66-151E-4E45-97B4-9F97158B8E88}.Release|ARM64.Deploy.0 = Release|ARM64
		{19092F66-151E-4E45-97B4-9F97158B8E88}.Release|x64.ActiveCfg = Release|x64
		{19092F66-151E-4E45-97B4-9F97158B8E88}.Release|x64.Build.0 = Release|x64
		{19092F66-151E-4E45-97B4-9F97158B8E88}.Release|x64.Deploy.0 = Release|x64
		{19092F66-151E-4E45-97B4-9F97158B8E88}.Release|x86.ActiveCfg = Release|x86
		{19092F66-151E-4E45-97B4-9F97158B8E88}.Release|x86.Build.0 = Release|x86
		{19092F66-151E-4E45-97B4-9F97158B8E88}.Release|x86.Deploy.0 = Release|x86
		{F020A6D0-D174-492C-9619-A070F1046DDE}.Debug|Any CPU.ActiveCfg = Debug|x64
		{F020A6D0-D174-492C-9619-A070F1046DDE}.Debug|Any CPU.Build.0 = Debug|x64
		{F020A6D0-D174-492C-9619-A070F1046DDE}.Debug|ARM.ActiveCfg = Debug|Any CPU
		{F020A6D0-D174-492C-9619-A070F1046DDE}.Debug|ARM.Build.0 = Debug|Any CPU
		{F020A6D0-D174-492C-9619-A070F1046DDE}.Debug|ARM64.ActiveCfg = Debug|Any CPU
		{F020A6D0-D174-492C-9619-A070F1046DDE}.Debug|ARM64.Build.0 = Debug|Any CPU
		{F020A6D0-D174-492C-9619-A070F1046DDE}.Debug|x64.ActiveCfg = Debug|Any CPU
		{F020A6D0-D174-492C-9619-A070F1046DDE}.Debug|x64.Build.0 = Debug|Any CPU
		{F020A6D0-D174-492C-9619-A070F1046DDE}.Debug|x86.ActiveCfg = Debug|Any CPU
		{F020A6D0-D174-492C-9619-A070F1046DDE}.Debug|x86.Build.0 = Debug|Any CPU
		{F020A6D0-D174-492C-9619-A070F1046DDE}.Release|Any CPU.ActiveCfg = Release|Any CPU
		{F020A6D0-D174-492C-9619-A070F1046DDE}.Release|Any CPU.Build.0 = Release|Any CPU
		{F020A6D0-D174-492C-9619-A070F1046DDE}.Release|ARM.ActiveCfg = Release|Any CPU
		{F020A6D0-D174-492C-9619-A070F1046DDE}.Release|ARM.Build.0 = Release|Any CPU
		{F020A6D0-D174-492C-9619-A070F1046DDE}.Release|ARM64.ActiveCfg = Release|Any CPU
		{F020A6D0-D174-492C-9619-A070F1046DDE}.Release|ARM64.Build.0 = Release|Any CPU
		{F020A6D0-D174-492C-9619-A070F1046DDE}.Release|x64.ActiveCfg = Release|Any CPU
		{F020A6D0-D174-492C-9619-A070F1046DDE}.Release|x64.Build.0 = Release|Any CPU
		{F020A6D0-D174-492C-9619-A070F1046DDE}.Release|x86.ActiveCfg = Release|Any CPU
		{F020A6D0-D174-492C-9619-A070F1046DDE}.Release|x86.Build.0 = Release|Any CPU
		{FADF2431-15E1-41F2-8A8F-FEB77B79C922}.Debug|Any CPU.ActiveCfg = Debug|x64
		{FADF2431-15E1-41F2-8A8F-FEB77B79C922}.Debug|Any CPU.Build.0 = Debug|x64
		{FADF2431-15E1-41F2-8A8F-FEB77B79C922}.Debug|ARM.ActiveCfg = Debug|x64
		{FADF2431-15E1-41F2-8A8F-FEB77B79C922}.Debug|ARM.Build.0 = Debug|x64
		{FADF2431-15E1-41F2-8A8F-FEB77B79C922}.Debug|ARM64.ActiveCfg = Debug|ARM64
		{FADF2431-15E1-41F2-8A8F-FEB77B79C922}.Debug|ARM64.Build.0 = Debug|ARM64
		{FADF2431-15E1-41F2-8A8F-FEB77B79C922}.Debug|x64.ActiveCfg = Debug|x64
		{FADF2431-15E1-41F2-8A8F-FEB77B79C922}.Debug|x64.Build.0 = Debug|x64
		{FADF2431-15E1-41F2-8A8F-FEB77B79C922}.Debug|x86.ActiveCfg = Debug|Win32
		{FADF2431-15E1-41F2-8A8F-FEB77B79C922}.Debug|x86.Build.0 = Debug|Win32
		{FADF2431-15E1-41F2-8A8F-FEB77B79C922}.Release|Any CPU.ActiveCfg = Release|x64
		{FADF2431-15E1-41F2-8A8F-FEB77B79C922}.Release|Any CPU.Build.0 = Release|x64
		{FADF2431-15E1-41F2-8A8F-FEB77B79C922}.Release|ARM.ActiveCfg = Release|x64
		{FADF2431-15E1-41F2-8A8F-FEB77B79C922}.Release|ARM.Build.0 = Release|x64
		{FADF2431-15E1-41F2-8A8F-FEB77B79C922}.Release|ARM64.ActiveCfg = Release|ARM64
		{FADF2431-15E1-41F2-8A8F-FEB77B79C922}.Release|ARM64.Build.0 = Release|ARM64
		{FADF2431-15E1-41F2-8A8F-FEB77B79C922}.Release|x64.ActiveCfg = Release|x64
		{FADF2431-15E1-41F2-8A8F-FEB77B79C922}.Release|x64.Build.0 = Release|x64
		{FADF2431-15E1-41F2-8A8F-FEB77B79C922}.Release|x86.ActiveCfg = Release|Win32
		{FADF2431-15E1-41F2-8A8F-FEB77B79C922}.Release|x86.Build.0 = Release|Win32
		{2173EB0F-9ADE-4A39-9455-F7E45EEE00A7}.Debug|Any CPU.ActiveCfg = Debug|Any CPU
		{2173EB0F-9ADE-4A39-9455-F7E45EEE00A7}.Debug|Any CPU.Build.0 = Debug|Any CPU
		{2173EB0F-9ADE-4A39-9455-F7E45EEE00A7}.Debug|ARM.ActiveCfg = Debug|Any CPU
		{2173EB0F-9ADE-4A39-9455-F7E45EEE00A7}.Debug|ARM.Build.0 = Debug|Any CPU
		{2173EB0F-9ADE-4A39-9455-F7E45EEE00A7}.Debug|ARM64.ActiveCfg = Debug|Any CPU
		{2173EB0F-9ADE-4A39-9455-F7E45EEE00A7}.Debug|ARM64.Build.0 = Debug|Any CPU
		{2173EB0F-9ADE-4A39-9455-F7E45EEE00A7}.Debug|x64.ActiveCfg = Debug|x64
		{2173EB0F-9ADE-4A39-9455-F7E45EEE00A7}.Debug|x64.Build.0 = Debug|x64
		{2173EB0F-9ADE-4A39-9455-F7E45EEE00A7}.Debug|x86.ActiveCfg = Debug|Any CPU
		{2173EB0F-9ADE-4A39-9455-F7E45EEE00A7}.Debug|x86.Build.0 = Debug|Any CPU
		{2173EB0F-9ADE-4A39-9455-F7E45EEE00A7}.Release|Any CPU.ActiveCfg = Release|Any CPU
		{2173EB0F-9ADE-4A39-9455-F7E45EEE00A7}.Release|Any CPU.Build.0 = Release|Any CPU
		{2173EB0F-9ADE-4A39-9455-F7E45EEE00A7}.Release|ARM.ActiveCfg = Release|Any CPU
		{2173EB0F-9ADE-4A39-9455-F7E45EEE00A7}.Release|ARM.Build.0 = Release|Any CPU
		{2173EB0F-9ADE-4A39-9455-F7E45EEE00A7}.Release|ARM64.ActiveCfg = Release|Any CPU
		{2173EB0F-9ADE-4A39-9455-F7E45EEE00A7}.Release|ARM64.Build.0 = Release|Any CPU
		{2173EB0F-9ADE-4A39-9455-F7E45EEE00A7}.Release|x64.ActiveCfg = Release|x64
		{2173EB0F-9ADE-4A39-9455-F7E45EEE00A7}.Release|x64.Build.0 = Release|x64
		{2173EB0F-9ADE-4A39-9455-F7E45EEE00A7}.Release|x86.ActiveCfg = Release|Any CPU
		{2173EB0F-9ADE-4A39-9455-F7E45EEE00A7}.Release|x86.Build.0 = Release|Any CPU
		{8C7CFE8D-481F-4481-8BC1-DCC41756FF71}.Debug|Any CPU.ActiveCfg = Debug|Any CPU
		{8C7CFE8D-481F-4481-8BC1-DCC41756FF71}.Debug|Any CPU.Build.0 = Debug|Any CPU
		{8C7CFE8D-481F-4481-8BC1-DCC41756FF71}.Debug|ARM.ActiveCfg = Debug|Any CPU
		{8C7CFE8D-481F-4481-8BC1-DCC41756FF71}.Debug|ARM.Build.0 = Debug|Any CPU
		{8C7CFE8D-481F-4481-8BC1-DCC41756FF71}.Debug|ARM64.ActiveCfg = Debug|Any CPU
		{8C7CFE8D-481F-4481-8BC1-DCC41756FF71}.Debug|ARM64.Build.0 = Debug|Any CPU
		{8C7CFE8D-481F-4481-8BC1-DCC41756FF71}.Debug|x64.ActiveCfg = Debug|Any CPU
		{8C7CFE8D-481F-4481-8BC1-DCC41756FF71}.Debug|x64.Build.0 = Debug|Any CPU
		{8C7CFE8D-481F-4481-8BC1-DCC41756FF71}.Debug|x86.ActiveCfg = Debug|Any CPU
		{8C7CFE8D-481F-4481-8BC1-DCC41756FF71}.Debug|x86.Build.0 = Debug|Any CPU
		{8C7CFE8D-481F-4481-8BC1-DCC41756FF71}.Release|Any CPU.ActiveCfg = Release|Any CPU
		{8C7CFE8D-481F-4481-8BC1-DCC41756FF71}.Release|Any CPU.Build.0 = Release|Any CPU
		{8C7CFE8D-481F-4481-8BC1-DCC41756FF71}.Release|ARM.ActiveCfg = Release|Any CPU
		{8C7CFE8D-481F-4481-8BC1-DCC41756FF71}.Release|ARM.Build.0 = Release|Any CPU
		{8C7CFE8D-481F-4481-8BC1-DCC41756FF71}.Release|ARM64.ActiveCfg = Release|Any CPU
		{8C7CFE8D-481F-4481-8BC1-DCC41756FF71}.Release|ARM64.Build.0 = Release|Any CPU
		{8C7CFE8D-481F-4481-8BC1-DCC41756FF71}.Release|x64.ActiveCfg = Release|Any CPU
		{8C7CFE8D-481F-4481-8BC1-DCC41756FF71}.Release|x64.Build.0 = Release|Any CPU
		{8C7CFE8D-481F-4481-8BC1-DCC41756FF71}.Release|x86.ActiveCfg = Release|Any CPU
		{8C7CFE8D-481F-4481-8BC1-DCC41756FF71}.Release|x86.Build.0 = Release|Any CPU
	EndGlobalSection
	GlobalSection(SolutionProperties) = preSolution
		HideSolutionNode = FALSE
	EndGlobalSection
	GlobalSection(NestedProjects) = preSolution
		{B3761D1B-D58A-4A93-903E-730DF1489850} = {8D2B41C6-053C-4DFF-B58C-03065C092C65}
		{19092F66-151E-4E45-97B4-9F97158B8E88} = {8D2B41C6-053C-4DFF-B58C-03065C092C65}
		{8D2B41C6-053C-4DFF-B58C-03065C092C65} = {DA082B34-ABE7-400D-AE6C-1F3C27A63C83}
		{3F9BAE8E-C1B9-48CF-932F-83161C61C743} = {DA082B34-ABE7-400D-AE6C-1F3C27A63C83}
		{F020A6D0-D174-492C-9619-A070F1046DDE} = {3F9BAE8E-C1B9-48CF-932F-83161C61C743}
		{FADF2431-15E1-41F2-8A8F-FEB77B79C922} = {8D2B41C6-053C-4DFF-B58C-03065C092C65}
		{70873C52-CE4A-49FF-84A4-EAD18E7715FB} = {8D2B41C6-053C-4DFF-B58C-03065C092C65}
		{2173EB0F-9ADE-4A39-9455-F7E45EEE00A7} = {70873C52-CE4A-49FF-84A4-EAD18E7715FB}
		{F8711F53-DC47-4EC8-90D0-150421588A15} = {8D2B41C6-053C-4DFF-B58C-03065C092C65}
		{8C7CFE8D-481F-4481-8BC1-DCC41756FF71} = {F8711F53-DC47-4EC8-90D0-150421588A15}
	EndGlobalSection
	GlobalSection(ExtensibilityGlobals) = postSolution
		SolutionGuid = {1D198217-DFC0-4C15-848F-F579459E1176}
	EndGlobalSection
EndGlobal
